
Microsoft Visual Studio Solution File, Format Version 12.00
# Visual Studio Version 16
VisualStudioVersion = 16.0.29709.97
MinimumVisualStudioVersion = 10.0.40219.1
Project("{8BC9CEB8-8B4A-11D0-8D11-00A0C91BC942}") = "HW0 Game", "HW0 Game.vcxproj", "{34FE23D3-22EF-43F4-8E6C-987C6A778CF3}"
EndProject
Global
	GlobalSection(SolutionConfigurationPlatforms) = preSolution
		Debug|x64 = Debug|x64
		Debug|x86 = Debug|x86
		Release|x64 = Release|x64
		Release|x86 = Release|x86
	EndGlobalSection
	GlobalSection(ProjectConfigurationPlatforms) = postSolution
		{34FE23D3-22EF-43F4-8E6C-987C6A778CF3}.Debug|x64.ActiveCfg = Debug|x64
		{34FE23D3-22EF-43F4-8E6C-987C6A778CF3}.Debug|x64.Build.0 = Debug|x64
		{34FE23D3-22EF-43F4-8E6C-987C6A778CF3}.Debug|x86.ActiveCfg = Debug|Win32
		{34FE23D3-22EF-43F4-8E6C-987C6A778CF3}.Debug|x86.Build.0 = Debug|Win32
		{34FE23D3-22EF-43F4-8E6C-987C6A778CF3}.Release|x64.ActiveCfg = Release|x64
		{34FE23D3-22EF-43F4-8E6C-987C6A778CF3}.Release|x64.Build.0 = Release|x64
		{34FE23D3-22EF-43F4-8E6C-987C6A778CF3}.Release|x86.ActiveCfg = Release|Win32
		{34FE23D3-22EF-43F4-8E6C-987C6A778CF3}.Release|x86.Build.0 = Release|Win32
	EndGlobalSection
	GlobalSection(SolutionProperties) = preSolution
		HideSolutionNode = FALSE
	EndGlobalSection
	GlobalSection(ExtensibilityGlobals) = postSolution
		SolutionGuid = {14A5C278-A8AB-46A0-8958-4CD608BEAB4E}
	EndGlobalSection
EndGlobal
